# This file is automatically @generated by Cargo.
# It is not intended for manual editing.
version = 3

[[package]]
name = "roads"
version = "0.1.0"
dependencies = [
 "svg",
]

[[package]]
name = "svg"
version = "0.12.1"
source = "registry+https://github.com/rust-lang/crates.io-index"
checksum = "a6e6ff893392e6a1eb94a210562432c6380cebf09d30962a012a655f7dde2ff8"
